
Microsoft Visual Studio Solution File, Format Version 12.00
# Visual Studio Version 16
VisualStudioVersion = 16.0.31702.278
MinimumVisualStudioVersion = 10.0.40219.1
Project("{FAE04EC0-301F-11D3-BF4B-00C04F79EFBC}") = "ValhallaBOT", "ValhallaBOT\ValhallaBOT.csproj", "{258CC99B-570C-401F-BC62-BF6B1454E01F}"
EndProject
Global
	GlobalSection(SolutionConfigurationPlatforms) = preSolution
		Debug|Any CPU = Debug|Any CPU
		Release|Any CPU = Release|Any CPU
	EndGlobalSection
	GlobalSection(ProjectConfigurationPlatforms) = postSolution
		{258CC99B-570C-401F-BC62-BF6B1454E01F}.Debug|Any CPU.ActiveCfg = Debug|Any CPU
		{258CC99B-570C-401F-BC62-BF6B1454E01F}.Debug|Any CPU.Build.0 = Debug|Any CPU
		{258CC99B-570C-401F-BC62-BF6B1454E01F}.Release|Any CPU.ActiveCfg = Release|Any CPU
		{258CC99B-570C-401F-BC62-BF6B1454E01F}.Release|Any CPU.Build.0 = Release|Any CPU
	EndGlobalSection
	GlobalSection(SolutionProperties) = preSolution
		HideSolutionNode = FALSE
	EndGlobalSection
	GlobalSection(ExtensibilityGlobals) = postSolution
		SolutionGuid = {0FC5B6EC-34B8-448B-ADA4-6D0719AD0AD6}
	EndGlobalSection
EndGlobal
